
Microsoft Visual Studio Solution File, Format Version 12.00
# Visual Studio Version 17
VisualStudioVersion = 17.10.35122.118
MinimumVisualStudioVersion = 10.0.40219.1
Project("{FAE04EC0-301F-11D3-BF4B-00C04F79EFBC}") = "HW_12_1_5", "HW_12_1_5\HW_12_1_5.csproj", "{77C262A6-4B82-4F76-B5B2-0B1D2F0DFDA3}"
EndProject
Global
	GlobalSection(SolutionConfigurationPlatforms) = preSolution
		Debug|Any CPU = Debug|Any CPU
		Release|Any CPU = Release|Any CPU
	EndGlobalSection
	GlobalSection(ProjectConfigurationPlatforms) = postSolution
		{77C262A6-4B82-4F76-B5B2-0B1D2F0DFDA3}.Debug|Any CPU.ActiveCfg = Debug|Any CPU
		{77C262A6-4B82-4F76-B5B2-0B1D2F0DFDA3}.Debug|Any CPU.Build.0 = Debug|Any CPU
		{77C262A6-4B82-4F76-B5B2-0B1D2F0DFDA3}.Release|Any CPU.ActiveCfg = Release|Any CPU
		{77C262A6-4B82-4F76-B5B2-0B1D2F0DFDA3}.Release|Any CPU.Build.0 = Release|Any CPU
	EndGlobalSection
	GlobalSection(SolutionProperties) = preSolution
		HideSolutionNode = FALSE
	EndGlobalSection
	GlobalSection(ExtensibilityGlobals) = postSolution
		SolutionGuid = {6044F88F-3D01-4C83-99D7-5F064552D165}
	EndGlobalSection
EndGlobal
